
Microsoft Visual Studio Solution File, Format Version 12.00
# Visual Studio Version 17
VisualStudioVersion = 17.2.32526.322
MinimumVisualStudioVersion = 10.0.40219.1
Project("{FAE04EC0-301F-11D3-BF4B-00C04F79EFBC}") = "PickyBride", "PickyBride\PickyBride.csproj", "{60B12BBD-6D0D-460C-93BB-8E58B4A1CF99}"
EndProject
Global
	GlobalSection(SolutionConfigurationPlatforms) = preSolution
		Debug|Any CPU = Debug|Any CPU
		Release|Any CPU = Release|Any CPU
	EndGlobalSection
	GlobalSection(ProjectConfigurationPlatforms) = postSolution
		{60B12BBD-6D0D-460C-93BB-8E58B4A1CF99}.Debug|Any CPU.ActiveCfg = Debug|Any CPU
		{60B12BBD-6D0D-460C-93BB-8E58B4A1CF99}.Debug|Any CPU.Build.0 = Debug|Any CPU
		{60B12BBD-6D0D-460C-93BB-8E58B4A1CF99}.Release|Any CPU.ActiveCfg = Release|Any CPU
		{60B12BBD-6D0D-460C-93BB-8E58B4A1CF99}.Release|Any CPU.Build.0 = Release|Any CPU
	EndGlobalSection
	GlobalSection(SolutionProperties) = preSolution
		HideSolutionNode = FALSE
	EndGlobalSection
	GlobalSection(ExtensibilityGlobals) = postSolution
		SolutionGuid = {581A38F7-21D6-4694-BB43-FF059778C897}
	EndGlobalSection
EndGlobal
